// !$*UTF8*$!
{
	archiveVersion = 1;
	classes = {
	};
	objectVersion = 46;
	objects = {

/* Begin PBXBuildFile section */
		2CB2AC34D02C353C07007C30 /* Pods_ImageSearcher.framework in Frameworks */ = {isa = PBXBuildFile; fileRef = B082B221116CB71CAEF12E5C /* Pods_ImageSearcher.framework */; };
		D022A7861FD02E0600DE9125 /* Extentions.swift in Sources */ = {isa = PBXBuildFile; fileRef = D022A7851FD02E0600DE9125 /* Extentions.swift */; };
		D0BAB40F1FCEF59E00067F5B /* AppDelegate.swift in Sources */ = {isa = PBXBuildFile; fileRef = D0BAB40E1FCEF59E00067F5B /* AppDelegate.swift */; };
		D0BAB4111FCEF59E00067F5B /* ViewController.swift in Sources */ = {isa = PBXBuildFile; fileRef = D0BAB4101FCEF59E00067F5B /* ViewController.swift */; };
		D0BAB4161FCEF59E00067F5B /* Assets.xcassets in Resources */ = {isa = PBXBuildFile; fileRef = D0BAB4151FCEF59E00067F5B /* Assets.xcassets */; };
		D0BAB4191FCEF59E00067F5B /* LaunchScreen.storyboard in Resources */ = {isa = PBXBuildFile; fileRef = D0BAB4171FCEF59E00067F5B /* LaunchScreen.storyboard */; };
		D0BAB4231FCF1C0F00067F5B /* HistoryCell.swift in Sources */ = {isa = PBXBuildFile; fileRef = D0BAB4221FCF1C0F00067F5B /* HistoryCell.swift */; };
		D0DF36EF1FD0000700B78997 /* HistoryItem.swift in Sources */ = {isa = PBXBuildFile; fileRef = D0DF36EE1FD0000700B78997 /* HistoryItem.swift */; };
		D0DF36F11FD002AA00B78997 /* SearchView.swift in Sources */ = {isa = PBXBuildFile; fileRef = D0DF36F01FD002AA00B78997 /* SearchView.swift */; };
/* End PBXBuildFile section */

/* Begin PBXFileReference section */
		B082B221116CB71CAEF12E5C /* Pods_ImageSearcher.framework */ = {isa = PBXFileReference; explicitFileType = wrapper.framework; includeInIndex = 0; path = Pods_ImageSearcher.framework; sourceTree = BUILT_PRODUCTS_DIR; };
		C38F442FC4DB49119DD06D72 /* Pods-ImageSearcher.release.xcconfig */ = {isa = PBXFileReference; includeInIndex = 1; lastKnownFileType = text.xcconfig; name = "Pods-ImageSearcher.release.xcconfig"; path = "Pods/Target Support Files/Pods-ImageSearcher/Pods-ImageSearcher.release.xcconfig"; sourceTree = "<group>"; };
		D022A7851FD02E0600DE9125 /* Extentions.swift */ = {isa = PBXFileReference; fileEncoding = 4; lastKnownFileType = sourcecode.swift; path = Extentions.swift; sourceTree = "<group>"; };
		D0BAB40B1FCEF59E00067F5B /* ImageSearcher.app */ = {isa = PBXFileReference; explicitFileType = wrapper.application; includeInIndex = 0; path = ImageSearcher.app; sourceTree = BUILT_PRODUCTS_DIR; };
		D0BAB40E1FCEF59E00067F5B /* AppDelegate.swift */ = {isa = PBXFileReference; lastKnownFileType = sourcecode.swift; path = AppDelegate.swift; sourceTree = "<group>"; };
		D0BAB4101FCEF59E00067F5B /* ViewController.swift */ = {isa = PBXFileReference; lastKnownFileType = sourcecode.swift; path = ViewController.swift; sourceTree = "<group>"; };
		D0BAB4151FCEF59E00067F5B /* Assets.xcassets */ = {isa = PBXFileReference; lastKnownFileType = folder.assetcatalog; path = Assets.xcassets; sourceTree = "<group>"; };
		D0BAB4181FCEF59E00067F5B /* Base */ = {isa = PBXFileReference; lastKnownFileType = file.storyboard; name = Base; path = Base.lproj/LaunchScreen.storyboard; sourceTree = "<group>"; };
		D0BAB41A1FCEF59E00067F5B /* Info.plist */ = {isa = PBXFileReference; lastKnownFileType = text.plist.xml; path = Info.plist; sourceTree = "<group>"; };
		D0BAB4221FCF1C0F00067F5B /* HistoryCell.swift */ = {isa = PBXFileReference; fileEncoding = 4; lastKnownFileType = sourcecode.swift; path = HistoryCell.swift; sourceTree = "<group>"; };
		D0DF36EE1FD0000700B78997 /* HistoryItem.swift */ = {isa = PBXFileReference; fileEncoding = 4; lastKnownFileType = sourcecode.swift; path = HistoryItem.swift; sourceTree = "<group>"; };
		D0DF36F01FD002AA00B78997 /* SearchView.swift */ = {isa = PBXFileReference; fileEncoding = 4; lastKnownFileType = sourcecode.swift; path = SearchView.swift; sourceTree = "<group>"; };
		ED402970BD830211525B9990 /* Pods-ImageSearcher.debug.xcconfig */ = {isa = PBXFileReference; includeInIndex = 1; lastKnownFileType = text.xcconfig; name = "Pods-ImageSearcher.debug.xcconfig"; path = "Pods/Target Support Files/Pods-ImageSearcher/Pods-ImageSearcher.debug.xcconfig"; sourceTree = "<group>"; };
/* End PBXFileReference section */

/* Begin PBXFrameworksBuildPhase section */
		D0BAB4081FCEF59D00067F5B /* Frameworks */ = {
			isa = PBXFrameworksBuildPhase;
			buildActionMask = 2147483647;
			files = (
				2CB2AC34D02C353C07007C30 /* Pods_ImageSearcher.framework in Frameworks */,
			);
			runOnlyForDeploymentPostprocessing = 0;
		};
/* End PBXFrameworksBuildPhase section */

/* Begin PBXGroup section */
		28774B9002FF3AEAA5C8F666 /* Frameworks */ = {
			isa = PBXGroup;
			children = (
				B082B221116CB71CAEF12E5C /* Pods_ImageSearcher.framework */,
			);
			name = Frameworks;
			sourceTree = "<group>";
		};
		7C62A7B80F02718748D5B671 /* Pods */ = {
			isa = PBXGroup;
			children = (
				ED402970BD830211525B9990 /* Pods-ImageSearcher.debug.xcconfig */,
				C38F442FC4DB49119DD06D72 /* Pods-ImageSearcher.release.xcconfig */,
			);
			name = Pods;
			sourceTree = "<group>";
		};
		D0BAB4021FCEF59D00067F5B = {
			isa = PBXGroup;
			children = (
				D0BAB40D1FCEF59E00067F5B /* ImageSearcher */,
				D0BAB40C1FCEF59E00067F5B /* Products */,
				7C62A7B80F02718748D5B671 /* Pods */,
				28774B9002FF3AEAA5C8F666 /* Frameworks */,
			);
			sourceTree = "<group>";
		};
		D0BAB40C1FCEF59E00067F5B /* Products */ = {
			isa = PBXGroup;
			children = (
				D0BAB40B1FCEF59E00067F5B /* ImageSearcher.app */,
			);
			name = Products;
			sourceTree = "<group>";
		};
		D0BAB40D1FCEF59E00067F5B /* ImageSearcher */ = {
			isa = PBXGroup;
			children = (
				D0BAB40E1FCEF59E00067F5B /* AppDelegate.swift */,
				D0DF36EB1FCFFFB300B78997 /* Controller */,
				D0DF36EC1FCFFFBF00B78997 /* View */,
				D0DF36ED1FCFFFC800B78997 /* Model */,
				D022A7851FD02E0600DE9125 /* Extentions.swift */,
				D0BAB4151FCEF59E00067F5B /* Assets.xcassets */,
				D0BAB4171FCEF59E00067F5B /* LaunchScreen.storyboard */,
				D0BAB41A1FCEF59E00067F5B /* Info.plist */,
			);
			path = ImageSearcher;
			sourceTree = "<group>";
		};
		D0DF36EB1FCFFFB300B78997 /* Controller */ = {
			isa = PBXGroup;
			children = (
				D0BAB4101FCEF59E00067F5B /* ViewController.swift */,
			);
			name = Controller;
			sourceTree = "<group>";
		};
		D0DF36EC1FCFFFBF00B78997 /* View */ = {
			isa = PBXGroup;
			children = (
				D0BAB4221FCF1C0F00067F5B /* HistoryCell.swift */,
				D0DF36F01FD002AA00B78997 /* SearchView.swift */,
			);
			name = View;
			sourceTree = "<group>";
		};
		D0DF36ED1FCFFFC800B78997 /* Model */ = {
			isa = PBXGroup;
			children = (
				D0DF36EE1FD0000700B78997 /* HistoryItem.swift */,
			);
			name = Model;
			sourceTree = "<group>";
		};
/* End PBXGroup section */

/* Begin PBXNativeTarget section */
		D0BAB40A1FCEF59D00067F5B /* ImageSearcher */ = {
			isa = PBXNativeTarget;
			buildConfigurationList = D0BAB41D1FCEF59E00067F5B /* Build configuration list for PBXNativeTarget "ImageSearcher" */;
			buildPhases = (
				D8DFE4044A402157B157A73B /* [CP] Check Pods Manifest.lock */,
				D0BAB4071FCEF59D00067F5B /* Sources */,
				D0BAB4081FCEF59D00067F5B /* Frameworks */,
				D0BAB4091FCEF59D00067F5B /* Resources */,
				916F6A310F172CCD81CAF1BE /* [CP] Embed Pods Frameworks */,
				E006A49894DB5D595BD1737D /* [CP] Copy Pods Resources */,
			);
			buildRules = (
			);
			dependencies = (
			);
			name = ImageSearcher;
			productName = ImageSearcher;
			productReference = D0BAB40B1FCEF59E00067F5B /* ImageSearcher.app */;
			productType = "com.apple.product-type.application";
		};
/* End PBXNativeTarget section */

/* Begin PBXProject section */
		D0BAB4031FCEF59D00067F5B /* Project object */ = {
			isa = PBXProject;
			attributes = {
				LastSwiftUpdateCheck = 0820;
				LastUpgradeCheck = 0820;
				ORGANIZATIONNAME = Phoenix_Dev;
				TargetAttributes = {
					D0BAB40A1FCEF59D00067F5B = {
						CreatedOnToolsVersion = 8.2.1;
						DevelopmentTeam = WH57BD6FT7;
						ProvisioningStyle = Automatic;
					};
				};
			};
			buildConfigurationList = D0BAB4061FCEF59D00067F5B /* Build configuration list for PBXProject "ImageSearcher" */;
			compatibilityVersion = "Xcode 3.2";
			developmentRegion = English;
			hasScannedForEncodings = 0;
			knownRegions = (
				en,
				Base,
			);
			mainGroup = D0BAB4021FCEF59D00067F5B;
			productRefGroup = D0BAB40C1FCEF59E00067F5B /* Products */;
			projectDirPath = "";
			projectRoot = "";
			targets = (
				D0BAB40A1FCEF59D00067F5B /* ImageSearcher */,
			);
		};
/* End PBXProject section */

/* Begin PBXResourcesBuildPhase section */
		D0BAB4091FCEF59D00067F5B /* Resources */ = {
			isa = PBXResourcesBuildPhase;
			buildActionMask = 2147483647;
			files = (
				D0BAB4191FCEF59E00067F5B /* LaunchScreen.storyboard in Resources */,
				D0BAB4161FCEF59E00067F5B /* Assets.xcassets in Resources */,
			);
			runOnlyForDeploymentPostprocessing = 0;
		};
/* End PBXResourcesBuildPhase section */

/* Begin PBXShellScriptBuildPhase section */
		916F6A310F172CCD81CAF1BE /* [CP] Embed Pods Frameworks */ = {
			isa = PBXShellScriptBuildPhase;
			buildActionMask = 2147483647;
			files = (
			);
			inputPaths = (
			);
			name = "[CP] Embed Pods Frameworks";
			outputPaths = (
			);
			runOnlyForDeploymentPostprocessing = 0;
			shellPath = /bin/sh;
			shellScript = "\"${SRCROOT}/Pods/Target Support Files/Pods-ImageSearcher/Pods-ImageSearcher-frameworks.sh\"\n";
			showEnvVarsInLog = 0;
		};
		D8DFE4044A402157B157A73B /* [CP] Check Pods Manifest.lock */ = {
			isa = PBXShellScriptBuildPhase;
			buildActionMask = 2147483647;
			files = (
			);
			inputPaths = (
			);
			name = "[CP] Check Pods Manifest.lock";
			outputPaths = (
			);
			runOnlyForDeploymentPostprocessing = 0;
			shellPath = /bin/sh;
			shellScript = "diff \"${PODS_PODFILE_DIR_PATH}/Podfile.lock\" \"${PODS_ROOT}/Manifest.lock\" > /dev/null\nif [ $? != 0 ] ; then\n    # print error to STDERR\n    echo \"error: The sandbox is not in sync with the Podfile.lock. Run 'pod install' or update your CocoaPods installation.\" >&2\n    exit 1\nfi\n";
			showEnvVarsInLog = 0;
		};
		E006A49894DB5D595BD1737D /* [CP] Copy Pods Resources */ = {
			isa = PBXShellScriptBuildPhase;
			buildActionMask = 2147483647;
			files = (
			);
			inputPaths = (
			);
			name = "[CP] Copy Pods Resources";
			outputPaths = (
			);
			runOnlyForDeploymentPostprocessing = 0;
			shellPath = /bin/sh;
			shellScript = "\"${SRCROOT}/Pods/Target Support Files/Pods-ImageSearcher/Pods-ImageSearcher-resources.sh\"\n";
			showEnvVarsInLog = 0;
		};
/* End PBXShellScriptBuildPhase section */

/* Begin PBXSourcesBuildPhase section */
		D0BAB4071FCEF59D00067F5B /* Sources */ = {
			isa = PBXSourcesBuildPhase;
			buildActionMask = 2147483647;
			files = (
				D0DF36F11FD002AA00B78997 /* SearchView.swift in Sources */,
				D0BAB4231FCF1C0F00067F5B /* HistoryCell.swift in Sources */,
				D022A7861FD02E0600DE9125 /* Extentions.swift in Sources */,
				D0DF36EF1FD0000700B78997 /* HistoryItem.swift in Sources */,
				D0BAB4111FCEF59E00067F5B /* ViewController.swift in Sources */,
				D0BAB40F1FCEF59E00067F5B /* AppDelegate.swift in Sources */,
			);
			runOnlyForDeploymentPostprocessing = 0;
		};
/* End PBXSourcesBuildPhase section */

/* Begin PBXVariantGroup section */
		D0BAB4171FCEF59E00067F5B /* LaunchScreen.storyboard */ = {
			isa = PBXVariantGroup;
			children = (
				D0BAB4181FCEF59E00067F5B /* Base */,
			);
			name = LaunchScreen.storyboard;
			sourceTree = "<group>";
		};
/* End PBXVariantGroup section */

/* Begin XCBuildConfiguration section */
		D0BAB41B1FCEF59E00067F5B /* Debug */ = {
			isa = XCBuildConfiguration;
			buildSettings = {
				ALWAYS_SEARCH_USER_PATHS = NO;
				CLANG_ANALYZER_NONNULL = YES;
				CLANG_CXX_LANGUAGE_STANDARD = "gnu++0x";
				CLANG_CXX_LIBRARY = "libc++";
				CLANG_ENABLE_MODULES = YES;
				CLANG_ENABLE_OBJC_ARC = YES;
				CLANG_WARN_BOOL_CONVERSION = YES;
				CLANG_WARN_CONSTANT_CONVERSION = YES;
				CLANG_WARN_DIRECT_OBJC_ISA_USAGE = YES_ERROR;
				CLANG_WARN_DOCUMENTATION_COMMENTS = YES;
				CLANG_WARN_EMPTY_BODY = YES;
				CLANG_WARN_ENUM_CONVERSION = YES;
				CLANG_WARN_INFINITE_RECURSION = YES;
				CLANG_WARN_INT_CONVERSION = YES;
				CLANG_WARN_OBJC_ROOT_CLASS = YES_ERROR;
				CLANG_WARN_SUSPICIOUS_MOVE = YES;
				CLANG_WARN_UNREACHABLE_CODE = YES;
				CLANG_WARN__DUPLICATE_METHOD_MATCH = YES;
				"CODE_SIGN_IDENTITY[sdk=iphoneos*]" = "iPhone Developer";
				COPY_PHASE_STRIP = NO;
				DEBUG_INFORMATION_FORMAT = dwarf;
				ENABLE_STRICT_OBJC_MSGSEND = YES;
				ENABLE_TESTABILITY = YES;
				GCC_C_LANGUAGE_STANDARD = gnu99;
				GCC_DYNAMIC_NO_PIC = NO;
				GCC_NO_COMMON_BLOCKS = YES;
				GCC_OPTIMIZATION_LEVEL = 0;
				GCC_PREPROCESSOR_DEFINITIONS = (
					"DEBUG=1",
					"$(inherited)",
				);
				GCC_WARN_64_TO_32_BIT_CONVERSION = YES;
				GCC_WARN_ABOUT_RETURN_TYPE = YES_ERROR;
				GCC_WARN_UNDECLARED_SELECTOR = YES;
				GCC_WARN_UNINITIALIZED_AUTOS = YES_AGGRESSIVE;
				GCC_WARN_UNUSED_FUNCTION = YES;
				GCC_WARN_UNUSED_VARIABLE = YES;
				IPHONEOS_DEPLOYMENT_TARGET = 10.2;
				MTL_ENABLE_DEBUG_INFO = YES;
				ONLY_ACTIVE_ARCH = YES;
				SDKROOT = iphoneos;
				SWIFT_ACTIVE_COMPILATION_CONDITIONS = DEBUG;
				SWIFT_OPTIMIZATION_LEVEL = "-Onone";
				TARGETED_DEVICE_FAMILY = "1,2";
			};
			name = Debug;
		};
		D0BAB41C1FCEF59E00067F5B /* Release */ = {
			isa = XCBuildConfiguration;
			buildSettings = {
				ALWAYS_SEARCH_USER_PATHS = NO;
				CLANG_ANALYZER_NONNULL = YES;
				CLANG_CXX_LANGUAGE_STANDARD = "gnu++0x";
				CLANG_CXX_LIBRARY = "libc++";
				CLANG_ENABLE_MODULES = YES;
				CLANG_ENABLE_OBJC_ARC = YES;
				CLANG_WARN_BOOL_CONVERSION = YES;
				CLANG_WARN_CONSTANT_CONVERSION = YES;
				CLANG_WARN_DIRECT_OBJC_ISA_USAGE = YES_ERROR;
				CLANG_WARN_DOCUMENTATION_COMMENTS = YES;
				CLANG_WARN_EMPTY_BODY = YES;
				CLANG_WARN_ENUM_CONVERSION = YES;
				CLANG_WARN_INFINITE_RECURSION = YES;
				CLANG_WARN_INT_CONVERSION = YES;
				CLANG_WARN_OBJC_ROOT_CLASS = YES_ERROR;
				CLANG_WARN_SUSPICIOUS_MOVE = YES;
				CLANG_WARN_UNREACHABLE_CODE = YES;
				CLANG_WARN__DUPLICATE_METHOD_MATCH = YES;
				"CODE_SIGN_IDENTITY[sdk=iphoneos*]" = "iPhone Developer";
				COPY_PHASE_STRIP = NO;
				DEBUG_INFORMATION_FORMAT = "dwarf-with-dsym";
				ENABLE_NS_ASSERTIONS = NO;
				ENABLE_STRICT_OBJC_MSGSEND = YES;
				GCC_C_LANGUAGE_STANDARD = gnu99;
				GCC_NO_COMMON_BLOCKS = YES;
				GCC_WARN_64_TO_32_BIT_CONVERSION = YES;
				GCC_WARN_ABOUT_RETURN_TYPE = YES_ERROR;
				GCC_WARN_UNDECLARED_SELECTOR = YES;
				GCC_WARN_UNINITIALIZED_AUTOS = YES_AGGRESSIVE;
				GCC_WARN_UNUSED_FUNCTION = YES;
				GCC_WARN_UNUSED_VARIABLE = YES;
				IPHONEOS_DEPLOYMENT_TARGET = 10.2;
				MTL_ENABLE_DEBUG_INFO = NO;
				SDKROOT = iphoneos;
				SWIFT_OPTIMIZATION_LEVEL = "-Owholemodule";
				TARGETED_DEVICE_FAMILY = "1,2";
				VALIDATE_PRODUCT = YES;
			};
			name = Release;
		};
		D0BAB41E1FCEF59E00067F5B /* Debug */ = {
			isa = XCBuildConfiguration;
			baseConfigurationReference = ED402970BD830211525B9990 /* Pods-ImageSearcher.debug.xcconfig */;
			buildSettings = {
				ASSETCATALOG_COMPILER_APPICON_NAME = AppIcon;
				DEVELOPMENT_TEAM = WH57BD6FT7;
				INFOPLIST_FILE = ImageSearcher/Info.plist;
				LD_RUNPATH_SEARCH_PATHS = "$(inherited) @executable_path/Frameworks";
				PRODUCT_BUNDLE_IDENTIFIER = phoenix.developer.ImageSearcher;
				PRODUCT_NAME = "$(TARGET_NAME)";
				SWIFT_VERSION = 3.0;
			};
			name = Debug;
		};
		D0BAB41F1FCEF59E00067F5B /* Release */ = {
			isa = XCBuildConfiguration;
			baseConfigurationReference = C38F442FC4DB49119DD06D72 /* Pods-ImageSearcher.release.xcconfig */;
			buildSettings = {
				ASSETCATALOG_COMPILER_APPICON_NAME = AppIcon;
				DEVELOPMENT_TEAM = WH57BD6FT7;
				INFOPLIST_FILE = ImageSearcher/Info.plist;
				LD_RUNPATH_SEARCH_PATHS = "$(inherited) @executable_path/Frameworks";
				PRODUCT_BUNDLE_IDENTIFIER = phoenix.developer.ImageSearcher;
				PRODUCT_NAME = "$(TARGET_NAME)";
				SWIFT_VERSION = 3.0;
			};
			name = Release;
		};
/* End XCBuildConfiguration section */

/* Begin XCConfigurationList section */
		D0BAB4061FCEF59D00067F5B /* Build configuration list for PBXProject "ImageSearcher" */ = {
			isa = XCConfigurationList;
			buildConfigurations = (
				D0BAB41B1FCEF59E00067F5B /* Debug */,
				D0BAB41C1FCEF59E00067F5B /* Release */,
			);
			defaultConfigurationIsVisible = 0;
			defaultConfigurationName = Release;
		};
		D0BAB41D1FCEF59E00067F5B /* Build configuration list for PBXNativeTarget "ImageSearcher" */ = {
			isa = XCConfigurationList;
			buildConfigurations = (
				D0BAB41E1FCEF59E00067F5B /* Debug */,
				D0BAB41F1FCEF59E00067F5B /* Release */,
			);
			defaultConfigurationIsVisible = 0;
			defaultConfigurationName = Release;
		};
/* End XCConfigurationList section */
	};
	rootObject = D0BAB4031FCEF59D00067F5B /* Project object */;
}
